{
  "pins" : [
    {
      "identity" : "contentful.swift",
      "kind" : "remoteSourceControl",
      "location" : "https://github.com/contentful/contentful.swift",
      "state" : {
        "revision" : "9662dccfe515bcc0c0aa5517663accea3f6209e1",
        "version" : "5.5.11"
      }
    }
  ],
  "version" : 2
}
